
Microsoft Visual Studio Solution File, Format Version 12.00
Project("{FAE04EC0-301F-11D3-BF4B-00C04F79EFBC}") = "HomeWork3.4", "HomeWork3.4\HomeWork3.4.csproj", "{D6590BA3-6762-49F4-935C-223473E04949}"
EndProject
Global
	GlobalSection(SolutionConfigurationPlatforms) = preSolution
		Debug|Any CPU = Debug|Any CPU
		Release|Any CPU = Release|Any CPU
	EndGlobalSection
	GlobalSection(ProjectConfigurationPlatforms) = postSolution
		{D6590BA3-6762-49F4-935C-223473E04949}.Debug|Any CPU.ActiveCfg = Debug|Any CPU
		{D6590BA3-6762-49F4-935C-223473E04949}.Debug|Any CPU.Build.0 = Debug|Any CPU
		{D6590BA3-6762-49F4-935C-223473E04949}.Release|Any CPU.ActiveCfg = Release|Any CPU
		{D6590BA3-6762-49F4-935C-223473E04949}.Release|Any CPU.Build.0 = Release|Any CPU
	EndGlobalSection
EndGlobal
